
Microsoft Visual Studio Solution File, Format Version 12.00
# Visual Studio Version 17
VisualStudioVersion = 17.5.33530.505
MinimumVisualStudioVersion = 10.0.40219.1
Project("{9A19103F-16F7-4668-BE54-9A1E7A4F7556}") = "UniVerseAPI", "UniVerseAPI\UniVerseAPI.csproj", "{0DCBA53E-DA02-45EE-9989-491D2D13B837}"
EndProject
Project("{9A19103F-16F7-4668-BE54-9A1E7A4F7556}") = "UniVerseAPI.Domain", "UniVerseAPI.Domain\UniVerseAPI.Domain.csproj", "{B9EE5A16-EE8F-4AC0-BEC8-EBFED346486D}"
EndProject
Project("{9A19103F-16F7-4668-BE54-9A1E7A4F7556}") = "UniVerseAPI.Application", "UniVerseAPI.Application\UniVerseAPI.Application.csproj", "{F37FCE1F-5E45-4293-BCCA-D533E5B0464A}"
EndProject
Project("{9A19103F-16F7-4668-BE54-9A1E7A4F7556}") = "UniVerseAPI.Infra.Data", "UniVerseAPI.Infra.Data\UniVerseAPI.Infra.Data.csproj", "{DD48B8E4-551D-4F6F-91BE-202737674954}"
EndProject
Project("{9A19103F-16F7-4668-BE54-9A1E7A4F7556}") = "UniVerseAPI.Infra.Ioc", "UniVerseAPI.Infra.Ioc\UniVerseAPI.Infra.Ioc.csproj", "{D313354B-37E1-4C8B-A72A-6B5C1B6BF357}"
EndProject
Project("{9A19103F-16F7-4668-BE54-9A1E7A4F7556}") = "UniVerseAPI.Api.Test", "UniVerseAPI.Api.Test\UniVerseAPI.Api.Test.csproj", "{EEECD245-6C55-4D10-B4AD-E9473822435B}"
EndProject
Global
	GlobalSection(SolutionConfigurationPlatforms) = preSolution
		Debug|Any CPU = Debug|Any CPU
		Release|Any CPU = Release|Any CPU
	EndGlobalSection
	GlobalSection(ProjectConfigurationPlatforms) = postSolution
		{0DCBA53E-DA02-45EE-9989-491D2D13B837}.Debug|Any CPU.ActiveCfg = Debug|Any CPU
		{0DCBA53E-DA02-45EE-9989-491D2D13B837}.Debug|Any CPU.Build.0 = Debug|Any CPU
		{0DCBA53E-DA02-45EE-9989-491D2D13B837}.Release|Any CPU.ActiveCfg = Release|Any CPU
		{0DCBA53E-DA02-45EE-9989-491D2D13B837}.Release|Any CPU.Build.0 = Release|Any CPU
		{B9EE5A16-EE8F-4AC0-BEC8-EBFED346486D}.Debug|Any CPU.ActiveCfg = Debug|Any CPU
		{B9EE5A16-EE8F-4AC0-BEC8-EBFED346486D}.Debug|Any CPU.Build.0 = Debug|Any CPU
		{B9EE5A16-EE8F-4AC0-BEC8-EBFED346486D}.Release|Any CPU.ActiveCfg = Release|Any CPU
		{B9EE5A16-EE8F-4AC0-BEC8-EBFED346486D}.Release|Any CPU.Build.0 = Release|Any CPU
		{F37FCE1F-5E45-4293-BCCA-D533E5B0464A}.Debug|Any CPU.ActiveCfg = Debug|Any CPU
		{F37FCE1F-5E45-4293-BCCA-D533E5B0464A}.Debug|Any CPU.Build.0 = Debug|Any CPU
		{F37FCE1F-5E45-4293-BCCA-D533E5B0464A}.Release|Any CPU.ActiveCfg = Release|Any CPU
		{F37FCE1F-5E45-4293-BCCA-D533E5B0464A}.Release|Any CPU.Build.0 = Release|Any CPU
		{DD48B8E4-551D-4F6F-91BE-202737674954}.Debug|Any CPU.ActiveCfg = Debug|Any CPU
		{DD48B8E4-551D-4F6F-91BE-202737674954}.Debug|Any CPU.Build.0 = Debug|Any CPU
		{DD48B8E4-551D-4F6F-91BE-202737674954}.Release|Any CPU.ActiveCfg = Release|Any CPU
		{DD48B8E4-551D-4F6F-91BE-202737674954}.Release|Any CPU.Build.0 = Release|Any CPU
		{D313354B-37E1-4C8B-A72A-6B5C1B6BF357}.Debug|Any CPU.ActiveCfg = Debug|Any CPU
		{D313354B-37E1-4C8B-A72A-6B5C1B6BF357}.Debug|Any CPU.Build.0 = Debug|Any CPU
		{D313354B-37E1-4C8B-A72A-6B5C1B6BF357}.Release|Any CPU.ActiveCfg = Release|Any CPU
		{D313354B-37E1-4C8B-A72A-6B5C1B6BF357}.Release|Any CPU.Build.0 = Release|Any CPU
		{EEECD245-6C55-4D10-B4AD-E9473822435B}.Debug|Any CPU.ActiveCfg = Debug|Any CPU
		{EEECD245-6C55-4D10-B4AD-E9473822435B}.Debug|Any CPU.Build.0 = Debug|Any CPU
		{EEECD245-6C55-4D10-B4AD-E9473822435B}.Release|Any CPU.ActiveCfg = Release|Any CPU
		{EEECD245-6C55-4D10-B4AD-E9473822435B}.Release|Any CPU.Build.0 = Release|Any CPU
	EndGlobalSection
	GlobalSection(SolutionProperties) = preSolution
		HideSolutionNode = FALSE
	EndGlobalSection
	GlobalSection(ExtensibilityGlobals) = postSolution
		SolutionGuid = {CA2AB57A-7610-4537-A734-3C5E304C48C1}
	EndGlobalSection
EndGlobal
